
Microsoft Visual Studio Solution File, Format Version 12.00
# Visual Studio 15
VisualStudioVersion = 15.0.27428.2037
MinimumVisualStudioVersion = 10.0.40219.1
Project("{FAE04EC0-301F-11D3-BF4B-00C04F79EFBC}") = "B1_Stat_Calculator", "B1_Stat_Calculator\B1_Stat_Calculator.csproj", "{6177AE22-1511-4FEB-891A-EE98B55B1FCC}"
EndProject
Global
	GlobalSection(SolutionConfigurationPlatforms) = preSolution
		Debug|Any CPU = Debug|Any CPU
		Release|Any CPU = Release|Any CPU
	EndGlobalSection
	GlobalSection(ProjectConfigurationPlatforms) = postSolution
		{6177AE22-1511-4FEB-891A-EE98B55B1FCC}.Debug|Any CPU.ActiveCfg = Debug|Any CPU
		{6177AE22-1511-4FEB-891A-EE98B55B1FCC}.Debug|Any CPU.Build.0 = Debug|Any CPU
		{6177AE22-1511-4FEB-891A-EE98B55B1FCC}.Release|Any CPU.ActiveCfg = Release|Any CPU
		{6177AE22-1511-4FEB-891A-EE98B55B1FCC}.Release|Any CPU.Build.0 = Release|Any CPU
	EndGlobalSection
	GlobalSection(SolutionProperties) = preSolution
		HideSolutionNode = FALSE
	EndGlobalSection
	GlobalSection(ExtensibilityGlobals) = postSolution
		SolutionGuid = {392E2D05-52FE-49A8-A596-1C19EF27B9DA}
	EndGlobalSection
EndGlobal
